
Microsoft Visual Studio Solution File, Format Version 12.00
# Visual Studio Version 17
VisualStudioVersion = 17.10.35027.167
MinimumVisualStudioVersion = 10.0.40219.1
Project("{FAE04EC0-301F-11D3-BF4B-00C04F79EFBC}") = "MosadProjectAPI", "MosadProject\MosadProjectAPI.csproj", "{7AAD0D77-65FC-4D2B-B2C1-FDEED77F3229}"
EndProject
Global
	GlobalSection(SolutionConfigurationPlatforms) = preSolution
		Debug|Any CPU = Debug|Any CPU
		Release|Any CPU = Release|Any CPU
	EndGlobalSection
	GlobalSection(ProjectConfigurationPlatforms) = postSolution
		{7AAD0D77-65FC-4D2B-B2C1-FDEED77F3229}.Debug|Any CPU.ActiveCfg = Debug|Any CPU
		{7AAD0D77-65FC-4D2B-B2C1-FDEED77F3229}.Debug|Any CPU.Build.0 = Debug|Any CPU
		{7AAD0D77-65FC-4D2B-B2C1-FDEED77F3229}.Release|Any CPU.ActiveCfg = Release|Any CPU
		{7AAD0D77-65FC-4D2B-B2C1-FDEED77F3229}.Release|Any CPU.Build.0 = Release|Any CPU
	EndGlobalSection
	GlobalSection(SolutionProperties) = preSolution
		HideSolutionNode = FALSE
	EndGlobalSection
	GlobalSection(ExtensibilityGlobals) = postSolution
		SolutionGuid = {DC0783C9-DD0A-4520-939D-99DC7CC8842C}
	EndGlobalSection
EndGlobal
